
Microsoft Visual Studio Solution File, Format Version 12.00
# Visual Studio 2015
Project("{FAE04EC0-301F-11D3-BF4B-00C04F79EFBC}") = "NUMB.CSharp", "NUMB.CSharp.csproj", "{C0AB4D23-98A1-A853-B24F-6D6A045B1448}"
EndProject
Global
	GlobalSection(SolutionConfigurationPlatforms) = preSolution
		Debug|Any CPU = Debug|Any CPU
		Release|Any CPU = Release|Any CPU
	EndGlobalSection
	GlobalSection(ProjectConfigurationPlatforms) = postSolution
		{C0AB4D23-98A1-A853-B24F-6D6A045B1448}.Debug|Any CPU.ActiveCfg = Debug|Any CPU
		{C0AB4D23-98A1-A853-B24F-6D6A045B1448}.Debug|Any CPU.Build.0 = Debug|Any CPU
		{C0AB4D23-98A1-A853-B24F-6D6A045B1448}.Release|Any CPU.ActiveCfg = Release|Any CPU
		{C0AB4D23-98A1-A853-B24F-6D6A045B1448}.Release|Any CPU.Build.0 = Release|Any CPU
	EndGlobalSection
	GlobalSection(SolutionProperties) = preSolution
		HideSolutionNode = FALSE
	EndGlobalSection
EndGlobal
